
Microsoft Visual Studio Solution File, Format Version 12.00
# Visual Studio 15
VisualStudioVersion = 15.0.26730.10
MinimumVisualStudioVersion = 10.0.40219.1
Project("{FAE04EC0-301F-11D3-BF4B-00C04F79EFBC}") = "Model", "Model\Model.csproj", "{A549BB9F-94BC-4A9D-85D3-93AD9D9DEC4E}"
EndProject
Project("{FAE04EC0-301F-11D3-BF4B-00C04F79EFBC}") = "Ocean.SDK.Net", "Ocean.SDK.Net\Ocean.SDK.Net.csproj", "{F124B8F5-9EA6-400D-8D4D-3221A14BD726}"
EndProject
Project("{FAE04EC0-301F-11D3-BF4B-00C04F79EFBC}") = "web.ui", "web.ui\web.ui.csproj", "{42784E1A-9D39-4AAC-94B8-8F99C19958D3}"
EndProject
Global
	GlobalSection(SolutionConfigurationPlatforms) = preSolution
		Debug|Any CPU = Debug|Any CPU
		Release|Any CPU = Release|Any CPU
	EndGlobalSection
	GlobalSection(ProjectConfigurationPlatforms) = postSolution
		{A549BB9F-94BC-4A9D-85D3-93AD9D9DEC4E}.Debug|Any CPU.ActiveCfg = Debug|Any CPU
		{A549BB9F-94BC-4A9D-85D3-93AD9D9DEC4E}.Debug|Any CPU.Build.0 = Debug|Any CPU
		{A549BB9F-94BC-4A9D-85D3-93AD9D9DEC4E}.Release|Any CPU.ActiveCfg = Release|Any CPU
		{A549BB9F-94BC-4A9D-85D3-93AD9D9DEC4E}.Release|Any CPU.Build.0 = Release|Any CPU
		{F124B8F5-9EA6-400D-8D4D-3221A14BD726}.Debug|Any CPU.ActiveCfg = Debug|Any CPU
		{F124B8F5-9EA6-400D-8D4D-3221A14BD726}.Debug|Any CPU.Build.0 = Debug|Any CPU
		{F124B8F5-9EA6-400D-8D4D-3221A14BD726}.Release|Any CPU.ActiveCfg = Release|Any CPU
		{F124B8F5-9EA6-400D-8D4D-3221A14BD726}.Release|Any CPU.Build.0 = Release|Any CPU
		{42784E1A-9D39-4AAC-94B8-8F99C19958D3}.Debug|Any CPU.ActiveCfg = Debug|Any CPU
		{42784E1A-9D39-4AAC-94B8-8F99C19958D3}.Debug|Any CPU.Build.0 = Debug|Any CPU
		{42784E1A-9D39-4AAC-94B8-8F99C19958D3}.Release|Any CPU.ActiveCfg = Release|Any CPU
		{42784E1A-9D39-4AAC-94B8-8F99C19958D3}.Release|Any CPU.Build.0 = Release|Any CPU
	EndGlobalSection
	GlobalSection(SolutionProperties) = preSolution
		HideSolutionNode = FALSE
	EndGlobalSection
	GlobalSection(ExtensibilityGlobals) = postSolution
		SolutionGuid = {3C7DA6B1-7ACB-43AC-B827-F4E37C6459A8}
	EndGlobalSection
EndGlobal
